
Microsoft Visual Studio Solution File, Format Version 12.00
# Visual Studio Version 16
VisualStudioVersion = 16.0.31112.23
MinimumVisualStudioVersion = 10.0.40219.1
Project("{9A19103F-16F7-4668-BE54-9A1E7A4F7556}") = "SWE3_Zulli.OR", "SWE3_Zulli.OR\SWE3_Zulli.OR.csproj", "{979D6125-0F7C-4FC8-989E-2C53D1C4FA24}"
EndProject
Project("{9A19103F-16F7-4668-BE54-9A1E7A4F7556}") = "SWE3_Zulli.OR.Framework", "SWE3_Zulli.OR.Framework\SWE3_Zulli.OR.Framework.csproj", "{A70E55A6-CFB9-4D4B-A520-228E4624E0F1}"
EndProject
Project("{FAE04EC0-301F-11D3-BF4B-00C04F79EFBC}") = "TestProject", "TestProject\TestProject.csproj", "{9AB90AA2-8E84-4D56-A4FA-2B23DC6A97FE}"
EndProject
Global
	GlobalSection(SolutionConfigurationPlatforms) = preSolution
		Debug|Any CPU = Debug|Any CPU
		Release|Any CPU = Release|Any CPU
	EndGlobalSection
	GlobalSection(ProjectConfigurationPlatforms) = postSolution
		{979D6125-0F7C-4FC8-989E-2C53D1C4FA24}.Debug|Any CPU.ActiveCfg = Debug|Any CPU
		{979D6125-0F7C-4FC8-989E-2C53D1C4FA24}.Debug|Any CPU.Build.0 = Debug|Any CPU
		{979D6125-0F7C-4FC8-989E-2C53D1C4FA24}.Release|Any CPU.ActiveCfg = Release|Any CPU
		{979D6125-0F7C-4FC8-989E-2C53D1C4FA24}.Release|Any CPU.Build.0 = Release|Any CPU
		{A70E55A6-CFB9-4D4B-A520-228E4624E0F1}.Debug|Any CPU.ActiveCfg = Debug|Any CPU
		{A70E55A6-CFB9-4D4B-A520-228E4624E0F1}.Debug|Any CPU.Build.0 = Debug|Any CPU
		{A70E55A6-CFB9-4D4B-A520-228E4624E0F1}.Release|Any CPU.ActiveCfg = Release|Any CPU
		{A70E55A6-CFB9-4D4B-A520-228E4624E0F1}.Release|Any CPU.Build.0 = Release|Any CPU
		{9AB90AA2-8E84-4D56-A4FA-2B23DC6A97FE}.Debug|Any CPU.ActiveCfg = Debug|Any CPU
		{9AB90AA2-8E84-4D56-A4FA-2B23DC6A97FE}.Debug|Any CPU.Build.0 = Debug|Any CPU
		{9AB90AA2-8E84-4D56-A4FA-2B23DC6A97FE}.Release|Any CPU.ActiveCfg = Release|Any CPU
		{9AB90AA2-8E84-4D56-A4FA-2B23DC6A97FE}.Release|Any CPU.Build.0 = Release|Any CPU
	EndGlobalSection
	GlobalSection(SolutionProperties) = preSolution
		HideSolutionNode = FALSE
	EndGlobalSection
	GlobalSection(ExtensibilityGlobals) = postSolution
		SolutionGuid = {88A9A886-4409-48D5-8FF2-DC143590986A}
	EndGlobalSection
EndGlobal
